{
  "pins" : [
    {
      "identity" : "gmdatepicker",
      "kind" : "remoteSourceControl",
      "location" : "https://github.com/shaokui-gu/GMDatePicker.git",
      "state" : {
        "branch" : "main",
        "revision" : "2618c24bbbd5d7fb29da6310a091fcbf4e0354b2"
      }
    }
  ],
  "version" : 2
}
