{
  "pins" : [
    {
      "identity" : "gmdatepicker",
      "kind" : "remoteSourceControl",
      "location" : "https://github.com/shaokui-gu/GMDatePicker.git",
      "state" : {
        "revision" : "cd9291bed28b779b1a849e4b4ab63301704d3f1c",
        "version" : "0.1.4"
      }
    }
  ],
  "version" : 2
}
