{
  "pins" : [
    {
      "identity" : "gmdatepicker",
      "kind" : "remoteSourceControl",
      "location" : "https://github.com/shaokui-gu/GMDatePicker.git",
      "state" : {
        "branch" : "main",
        "revision" : "ce12598676494075991551408de755619c451c73"
      }
    }
  ],
  "version" : 2
}
